// !$*UTF8*$!
{
	archiveVersion = 1;
	classes = {
	};
	objectVersion = 46;
	objects = {

/* Begin PBXBuildFile section */
		C461A8411AC0DA8900743D09 /* main.m in Sources */ = {isa = PBXBuildFile; fileRef = C461A8401AC0DA8900743D09 /* main.m */; };
		C461A8441AC0DA8900743D09 /* AppDelegate.m in Sources */ = {isa = PBXBuildFile; fileRef = C461A8431AC0DA8900743D09 /* AppDelegate.m */; };
		C461A8471AC0DA8900743D09 /* ViewController.m in Sources */ = {isa = PBXBuildFile; fileRef = C461A8461AC0DA8900743D09 /* ViewController.m */; };
		C461A84A1AC0DA8900743D09 /* Main.storyboard in Resources */ = {isa = PBXBuildFile; fileRef = C461A8481AC0DA8900743D09 /* Main.storyboard */; };
		C461A84C1AC0DA8900743D09 /* Images.xcassets in Resources */ = {isa = PBXBuildFile; fileRef = C461A84B1AC0DA8900743D09 /* Images.xcassets */; };
		C461A84F1AC0DA8900743D09 /* LaunchScreen.xib in Resources */ = {isa = PBXBuildFile; fileRef = C461A84D1AC0DA8900743D09 /* LaunchScreen.xib */; };
		C461A85B1AC0DA8900743D09 /* ModalModalUnwindTests.m in Sources */ = {isa = PBXBuildFile; fileRef = C461A85A1AC0DA8900743D09 /* ModalModalUnwindTests.m */; };
/* End PBXBuildFile section */

/* Begin PBXContainerItemProxy section */
		C461A8551AC0DA8900743D09 /* PBXContainerItemProxy */ = {
			isa = PBXContainerItemProxy;
			containerPortal = C461A8331AC0DA8900743D09 /* Project object */;
			proxyType = 1;
			remoteGlobalIDString = C461A83A1AC0DA8900743D09;
			remoteInfo = ModalModalUnwind;
		};
/* End PBXContainerItemProxy section */

/* Begin PBXFileReference section */
		C461A83B1AC0DA8900743D09 /* ModalModalUnwind.app */ = {isa = PBXFileReference; explicitFileType = wrapper.application; includeInIndex = 0; path = ModalModalUnwind.app; sourceTree = BUILT_PRODUCTS_DIR; };
		C461A83F1AC0DA8900743D09 /* Info.plist */ = {isa = PBXFileReference; lastKnownFileType = text.plist.xml; path = Info.plist; sourceTree = "<group>"; };
		C461A8401AC0DA8900743D09 /* main.m */ = {isa = PBXFileReference; lastKnownFileType = sourcecode.c.objc; path = main.m; sourceTree = "<group>"; };
		C461A8421AC0DA8900743D09 /* AppDelegate.h */ = {isa = PBXFileReference; lastKnownFileType = sourcecode.c.h; path = AppDelegate.h; sourceTree = "<group>"; };
		C461A8431AC0DA8900743D09 /* AppDelegate.m */ = {isa = PBXFileReference; lastKnownFileType = sourcecode.c.objc; path = AppDelegate.m; sourceTree = "<group>"; };
		C461A8451AC0DA8900743D09 /* ViewController.h */ = {isa = PBXFileReference; lastKnownFileType = sourcecode.c.h; path = ViewController.h; sourceTree = "<group>"; };
		C461A8461AC0DA8900743D09 /* ViewController.m */ = {isa = PBXFileReference; lastKnownFileType = sourcecode.c.objc; path = ViewController.m; sourceTree = "<group>"; };
		C461A8491AC0DA8900743D09 /* Base */ = {isa = PBXFileReference; lastKnownFileType = file.storyboard; name = Base; path = Base.lproj/Main.storyboard; sourceTree = "<group>"; };
		C461A84B1AC0DA8900743D09 /* Images.xcassets */ = {isa = PBXFileReference; lastKnownFileType = folder.assetcatalog; path = Images.xcassets; sourceTree = "<group>"; };
		C461A84E1AC0DA8900743D09 /* Base */ = {isa = PBXFileReference; lastKnownFileType = file.xib; name = Base; path = Base.lproj/LaunchScreen.xib; sourceTree = "<group>"; };
		C461A8541AC0DA8900743D09 /* ModalModalUnwindTests.xctest */ = {isa = PBXFileReference; explicitFileType = wrapper.cfbundle; includeInIndex = 0; path = ModalModalUnwindTests.xctest; sourceTree = BUILT_PRODUCTS_DIR; };
		C461A8591AC0DA8900743D09 /* Info.plist */ = {isa = PBXFileReference; lastKnownFileType = text.plist.xml; path = Info.plist; sourceTree = "<group>"; };
		C461A85A1AC0DA8900743D09 /* ModalModalUnwindTests.m */ = {isa = PBXFileReference; lastKnownFileType = sourcecode.c.objc; path = ModalModalUnwindTests.m; sourceTree = "<group>"; };
/* End PBXFileReference section */

/* Begin PBXFrameworksBuildPhase section */
		C461A8381AC0DA8900743D09 /* Frameworks */ = {
			isa = PBXFrameworksBuildPhase;
			buildActionMask = 2147483647;
			files = (
			);
			runOnlyForDeploymentPostprocessing = 0;
		};
		C461A8511AC0DA8900743D09 /* Frameworks */ = {
			isa = PBXFrameworksBuildPhase;
			buildActionMask = 2147483647;
			files = (
			);
			runOnlyForDeploymentPostprocessing = 0;
		};
/* End PBXFrameworksBuildPhase section */

/* Begin PBXGroup section */
		C461A8321AC0DA8900743D09 = {
			isa = PBXGroup;
			children = (
				C461A83D1AC0DA8900743D09 /* ModalModalUnwind */,
				C461A8571AC0DA8900743D09 /* ModalModalUnwindTests */,
				C461A83C1AC0DA8900743D09 /* Products */,
			);
			sourceTree = "<group>";
		};
		C461A83C1AC0DA8900743D09 /* Products */ = {
			isa = PBXGroup;
			children = (
				C461A83B1AC0DA8900743D09 /* ModalModalUnwind.app */,
				C461A8541AC0DA8900743D09 /* ModalModalUnwindTests.xctest */,
			);
			name = Products;
			sourceTree = "<group>";
		};
		C461A83D1AC0DA8900743D09 /* ModalModalUnwind */ = {
			isa = PBXGroup;
			children = (
				C461A8421AC0DA8900743D09 /* AppDelegate.h */,
				C461A8431AC0DA8900743D09 /* AppDelegate.m */,
				C461A8451AC0DA8900743D09 /* ViewController.h */,
				C461A8461AC0DA8900743D09 /* ViewController.m */,
				C461A8481AC0DA8900743D09 /* Main.storyboard */,
				C461A84B1AC0DA8900743D09 /* Images.xcassets */,
				C461A84D1AC0DA8900743D09 /* LaunchScreen.xib */,
				C461A83E1AC0DA8900743D09 /* Supporting Files */,
			);
			path = ModalModalUnwind;
			sourceTree = "<group>";
		};
		C461A83E1AC0DA8900743D09 /* Supporting Files */ = {
			isa = PBXGroup;
			children = (
				C461A83F1AC0DA8900743D09 /* Info.plist */,
				C461A8401AC0DA8900743D09 /* main.m */,
			);
			name = "Supporting Files";
			sourceTree = "<group>";
		};
		C461A8571AC0DA8900743D09 /* ModalModalUnwindTests */ = {
			isa = PBXGroup;
			children = (
				C461A85A1AC0DA8900743D09 /* ModalModalUnwindTests.m */,
				C461A8581AC0DA8900743D09 /* Supporting Files */,
			);
			path = ModalModalUnwindTests;
			sourceTree = "<group>";
		};
		C461A8581AC0DA8900743D09 /* Supporting Files */ = {
			isa = PBXGroup;
			children = (
				C461A8591AC0DA8900743D09 /* Info.plist */,
			);
			name = "Supporting Files";
			sourceTree = "<group>";
		};
/* End PBXGroup section */

/* Begin PBXNativeTarget section */
		C461A83A1AC0DA8900743D09 /* ModalModalUnwind */ = {
			isa = PBXNativeTarget;
			buildConfigurationList = C461A85E1AC0DA8900743D09 /* Build configuration list for PBXNativeTarget "ModalModalUnwind" */;
			buildPhases = (
				C461A8371AC0DA8900743D09 /* Sources */,
				C461A8381AC0DA8900743D09 /* Frameworks */,
				C461A8391AC0DA8900743D09 /* Resources */,
			);
			buildRules = (
			);
			dependencies = (
			);
			name = ModalModalUnwind;
			productName = ModalModalUnwind;
			productReference = C461A83B1AC0DA8900743D09 /* ModalModalUnwind.app */;
			productType = "com.apple.product-type.application";
		};
		C461A8531AC0DA8900743D09 /* ModalModalUnwindTests */ = {
			isa = PBXNativeTarget;
			buildConfigurationList = C461A8611AC0DA8900743D09 /* Build configuration list for PBXNativeTarget "ModalModalUnwindTests" */;
			buildPhases = (
				C461A8501AC0DA8900743D09 /* Sources */,
				C461A8511AC0DA8900743D09 /* Frameworks */,
				C461A8521AC0DA8900743D09 /* Resources */,
			);
			buildRules = (
			);
			dependencies = (
				C461A8561AC0DA8900743D09 /* PBXTargetDependency */,
			);
			name = ModalModalUnwindTests;
			productName = ModalModalUnwindTests;
			productReference = C461A8541AC0DA8900743D09 /* ModalModalUnwindTests.xctest */;
			productType = "com.apple.product-type.bundle.unit-test";
		};
/* End PBXNativeTarget section */

/* Begin PBXProject section */
		C461A8331AC0DA8900743D09 /* Project object */ = {
			isa = PBXProject;
			attributes = {
				LastUpgradeCheck = 0620;
				ORGANIZATIONNAME = "Cryptonym Ltd";
				TargetAttributes = {
					C461A83A1AC0DA8900743D09 = {
						CreatedOnToolsVersion = 6.2;
					};
					C461A8531AC0DA8900743D09 = {
						CreatedOnToolsVersion = 6.2;
						TestTargetID = C461A83A1AC0DA8900743D09;
					};
				};
			};
			buildConfigurationList = C461A8361AC0DA8900743D09 /* Build configuration list for PBXProject "ModalModalUnwind" */;
			compatibilityVersion = "Xcode 3.2";
			developmentRegion = English;
			hasScannedForEncodings = 0;
			knownRegions = (
				en,
				Base,
			);
			mainGroup = C461A8321AC0DA8900743D09;
			productRefGroup = C461A83C1AC0DA8900743D09 /* Products */;
			projectDirPath = "";
			projectRoot = "";
			targets = (
				C461A83A1AC0DA8900743D09 /* ModalModalUnwind */,
				C461A8531AC0DA8900743D09 /* ModalModalUnwindTests */,
			);
		};
/* End PBXProject section */

/* Begin PBXResourcesBuildPhase section */
		C461A8391AC0DA8900743D09 /* Resources */ = {
			isa = PBXResourcesBuildPhase;
			buildActionMask = 2147483647;
			files = (
				C461A84A1AC0DA8900743D09 /* Main.storyboard in Resources */,
				C461A84F1AC0DA8900743D09 /* LaunchScreen.xib in Resources */,
				C461A84C1AC0DA8900743D09 /* Images.xcassets in Resources */,
			);
			runOnlyForDeploymentPostprocessing = 0;
		};
		C461A8521AC0DA8900743D09 /* Resources */ = {
			isa = PBXResourcesBuildPhase;
			buildActionMask = 2147483647;
			files = (
			);
			runOnlyForDeploymentPostprocessing = 0;
		};
/* End PBXResourcesBuildPhase section */

/* Begin PBXSourcesBuildPhase section */
		C461A8371AC0DA8900743D09 /* Sources */ = {
			isa = PBXSourcesBuildPhase;
			buildActionMask = 2147483647;
			files = (
				C461A8471AC0DA8900743D09 /* ViewController.m in Sources */,
				C461A8441AC0DA8900743D09 /* AppDelegate.m in Sources */,
				C461A8411AC0DA8900743D09 /* main.m in Sources */,
			);
			runOnlyForDeploymentPostprocessing = 0;
		};
		C461A8501AC0DA8900743D09 /* Sources */ = {
			isa = PBXSourcesBuildPhase;
			buildActionMask = 2147483647;
			files = (
				C461A85B1AC0DA8900743D09 /* ModalModalUnwindTests.m in Sources */,
			);
			runOnlyForDeploymentPostprocessing = 0;
		};
/* End PBXSourcesBuildPhase section */

/* Begin PBXTargetDependency section */
		C461A8561AC0DA8900743D09 /* PBXTargetDependency */ = {
			isa = PBXTargetDependency;
			target = C461A83A1AC0DA8900743D09 /* ModalModalUnwind */;
			targetProxy = C461A8551AC0DA8900743D09 /* PBXContainerItemProxy */;
		};
/* End PBXTargetDependency section */

/* Begin PBXVariantGroup section */
		C461A8481AC0DA8900743D09 /* Main.storyboard */ = {
			isa = PBXVariantGroup;
			children = (
				C461A8491AC0DA8900743D09 /* Base */,
			);
			name = Main.storyboard;
			sourceTree = "<group>";
		};
		C461A84D1AC0DA8900743D09 /* LaunchScreen.xib */ = {
			isa = PBXVariantGroup;
			children = (
				C461A84E1AC0DA8900743D09 /* Base */,
			);
			name = LaunchScreen.xib;
			sourceTree = "<group>";
		};
/* End PBXVariantGroup section */

/* Begin XCBuildConfiguration section */
		C461A85C1AC0DA8900743D09 /* Debug */ = {
			isa = XCBuildConfiguration;
			buildSettings = {
				ALWAYS_SEARCH_USER_PATHS = NO;
				CLANG_CXX_LANGUAGE_STANDARD = "gnu++0x";
				CLANG_CXX_LIBRARY = "libc++";
				CLANG_ENABLE_MODULES = YES;
				CLANG_ENABLE_OBJC_ARC = YES;
				CLANG_WARN_BOOL_CONVERSION = YES;
				CLANG_WARN_CONSTANT_CONVERSION = YES;
				CLANG_WARN_DIRECT_OBJC_ISA_USAGE = YES_ERROR;
				CLANG_WARN_EMPTY_BODY = YES;
				CLANG_WARN_ENUM_CONVERSION = YES;
				CLANG_WARN_INT_CONVERSION = YES;
				CLANG_WARN_OBJC_ROOT_CLASS = YES_ERROR;
				CLANG_WARN_UNREACHABLE_CODE = YES;
				CLANG_WARN__DUPLICATE_METHOD_MATCH = YES;
				"CODE_SIGN_IDENTITY[sdk=iphoneos*]" = "iPhone Developer";
				COPY_PHASE_STRIP = NO;
				ENABLE_STRICT_OBJC_MSGSEND = YES;
				GCC_C_LANGUAGE_STANDARD = gnu99;
				GCC_DYNAMIC_NO_PIC = NO;
				GCC_OPTIMIZATION_LEVEL = 0;
				GCC_PREPROCESSOR_DEFINITIONS = (
					"DEBUG=1",
					"$(inherited)",
				);
				GCC_SYMBOLS_PRIVATE_EXTERN = NO;
				GCC_WARN_64_TO_32_BIT_CONVERSION = YES;
				GCC_WARN_ABOUT_RETURN_TYPE = YES_ERROR;
				GCC_WARN_UNDECLARED_SELECTOR = YES;
				GCC_WARN_UNINITIALIZED_AUTOS = YES_AGGRESSIVE;
				GCC_WARN_UNUSED_FUNCTION = YES;
				GCC_WARN_UNUSED_VARIABLE = YES;
				IPHONEOS_DEPLOYMENT_TARGET = 8.2;
				MTL_ENABLE_DEBUG_INFO = YES;
				ONLY_ACTIVE_ARCH = YES;
				SDKROOT = iphoneos;
				TARGETED_DEVICE_FAMILY = "1,2";
			};
			name = Debug;
		};
		C461A85D1AC0DA8900743D09 /* Release */ = {
			isa = XCBuildConfiguration;
			buildSettings = {
				ALWAYS_SEARCH_USER_PATHS = NO;
				CLANG_CXX_LANGUAGE_STANDARD = "gnu++0x";
				CLANG_CXX_LIBRARY = "libc++";
				CLANG_ENABLE_MODULES = YES;
				CLANG_ENABLE_OBJC_ARC = YES;
				CLANG_WARN_BOOL_CONVERSION = YES;
				CLANG_WARN_CONSTANT_CONVERSION = YES;
				CLANG_WARN_DIRECT_OBJC_ISA_USAGE = YES_ERROR;
				CLANG_WARN_EMPTY_BODY = YES;
				CLANG_WARN_ENUM_CONVERSION = YES;
				CLANG_WARN_INT_CONVERSION = YES;
				CLANG_WARN_OBJC_ROOT_CLASS = YES_ERROR;
				CLANG_WARN_UNREACHABLE_CODE = YES;
				CLANG_WARN__DUPLICATE_METHOD_MATCH = YES;
				"CODE_SIGN_IDENTITY[sdk=iphoneos*]" = "iPhone Developer";
				COPY_PHASE_STRIP = NO;
				ENABLE_NS_ASSERTIONS = NO;
				ENABLE_STRICT_OBJC_MSGSEND = YES;
				GCC_C_LANGUAGE_STANDARD = gnu99;
				GCC_WARN_64_TO_32_BIT_CONVERSION = YES;
				GCC_WARN_ABOUT_RETURN_TYPE = YES_ERROR;
				GCC_WARN_UNDECLARED_SELECTOR = YES;
				GCC_WARN_UNINITIALIZED_AUTOS = YES_AGGRESSIVE;
				GCC_WARN_UNUSED_FUNCTION = YES;
				GCC_WARN_UNUSED_VARIABLE = YES;
				IPHONEOS_DEPLOYMENT_TARGET = 8.2;
				MTL_ENABLE_DEBUG_INFO = NO;
				SDKROOT = iphoneos;
				TARGETED_DEVICE_FAMILY = "1,2";
				VALIDATE_PRODUCT = YES;
			};
			name = Release;
		};
		C461A85F1AC0DA8900743D09 /* Debug */ = {
			isa = XCBuildConfiguration;
			buildSettings = {
				ASSETCATALOG_COMPILER_APPICON_NAME = AppIcon;
				INFOPLIST_FILE = ModalModalUnwind/Info.plist;
				LD_RUNPATH_SEARCH_PATHS = "$(inherited) @executable_path/Frameworks";
				PRODUCT_NAME = "$(TARGET_NAME)";
			};
			name = Debug;
		};
		C461A8601AC0DA8900743D09 /* Release */ = {
			isa = XCBuildConfiguration;
			buildSettings = {
				ASSETCATALOG_COMPILER_APPICON_NAME = AppIcon;
				INFOPLIST_FILE = ModalModalUnwind/Info.plist;
				LD_RUNPATH_SEARCH_PATHS = "$(inherited) @executable_path/Frameworks";
				PRODUCT_NAME = "$(TARGET_NAME)";
			};
			name = Release;
		};
		C461A8621AC0DA8900743D09 /* Debug */ = {
			isa = XCBuildConfiguration;
			buildSettings = {
				BUNDLE_LOADER = "$(TEST_HOST)";
				FRAMEWORK_SEARCH_PATHS = (
					"$(SDKROOT)/Developer/Library/Frameworks",
					"$(inherited)",
				);
				GCC_PREPROCESSOR_DEFINITIONS = (
					"DEBUG=1",
					"$(inherited)",
				);
				INFOPLIST_FILE = ModalModalUnwindTests/Info.plist;
				LD_RUNPATH_SEARCH_PATHS = "$(inherited) @executable_path/Frameworks @loader_path/Frameworks";
				PRODUCT_NAME = "$(TARGET_NAME)";
				TEST_HOST = "$(BUILT_PRODUCTS_DIR)/ModalModalUnwind.app/ModalModalUnwind";
			};
			name = Debug;
		};
		C461A8631AC0DA8900743D09 /* Release */ = {
			isa = XCBuildConfiguration;
			buildSettings = {
				BUNDLE_LOADER = "$(TEST_HOST)";
				FRAMEWORK_SEARCH_PATHS = (
					"$(SDKROOT)/Developer/Library/Frameworks",
					"$(inherited)",
				);
				INFOPLIST_FILE = ModalModalUnwindTests/Info.plist;
				LD_RUNPATH_SEARCH_PATHS = "$(inherited) @executable_path/Frameworks @loader_path/Frameworks";
				PRODUCT_NAME = "$(TARGET_NAME)";
				TEST_HOST = "$(BUILT_PRODUCTS_DIR)/ModalModalUnwind.app/ModalModalUnwind";
			};
			name = Release;
		};
/* End XCBuildConfiguration section */

/* Begin XCConfigurationList section */
		C461A8361AC0DA8900743D09 /* Build configuration list for PBXProject "ModalModalUnwind" */ = {
			isa = XCConfigurationList;
			buildConfigurations = (
				C461A85C1AC0DA8900743D09 /* Debug */,
				C461A85D1AC0DA8900743D09 /* Release */,
			);
			defaultConfigurationIsVisible = 0;
			defaultConfigurationName = Release;
		};
		C461A85E1AC0DA8900743D09 /* Build configuration list for PBXNativeTarget "ModalModalUnwind" */ = {
			isa = XCConfigurationList;
			buildConfigurations = (
				C461A85F1AC0DA8900743D09 /* Debug */,
				C461A8601AC0DA8900743D09 /* Release */,
			);
			defaultConfigurationIsVisible = 0;
		};
		C461A8611AC0DA8900743D09 /* Build configuration list for PBXNativeTarget "ModalModalUnwindTests" */ = {
			isa = XCConfigurationList;
			buildConfigurations = (
				C461A8621AC0DA8900743D09 /* Debug */,
				C461A8631AC0DA8900743D09 /* Release */,
			);
			defaultConfigurationIsVisible = 0;
		};
/* End XCConfigurationList section */
	};
	rootObject = C461A8331AC0DA8900743D09 /* Project object */;
}
